
Microsoft Visual Studio Solution File, Format Version 12.00
# Visual Studio Version 16
VisualStudioVersion = 16.0.28705.295
MinimumVisualStudioVersion = 10.0.40219.1
Project("{FAE04EC0-301F-11D3-BF4B-00C04F79EFBC}") = "NyanCat_Pointer", "NyanCat_Pointer.csproj", "{5844D026-1C92-442B-B7B1-CC8C9594C512}"
EndProject
Project("{8BC9CEB8-8B4A-11D0-8D11-00A0C91BC942}") = "NyanCat_Pointer_CPP", "NyanCat_Pointer_CPP.vcxproj", "{6E12AE29-EED8-4CD7-9510-FAE6AE05E0DA}"
EndProject
Global
	GlobalSection(SolutionConfigurationPlatforms) = preSolution
		Debug|Any CPU = Debug|Any CPU
		Debug|x64 = Debug|x64
		Debug|x86 = Debug|x86
		Release|Any CPU = Release|Any CPU
		Release|x64 = Release|x64
		Release|x86 = Release|x86
	EndGlobalSection
	GlobalSection(ProjectConfigurationPlatforms) = postSolution
		{5844D026-1C92-442B-B7B1-CC8C9594C512}.Debug|Any CPU.ActiveCfg = Debug|Any CPU
		{5844D026-1C92-442B-B7B1-CC8C9594C512}.Debug|Any CPU.Build.0 = Debug|Any CPU
		{5844D026-1C92-442B-B7B1-CC8C9594C512}.Debug|x64.ActiveCfg = Debug|Any CPU
		{5844D026-1C92-442B-B7B1-CC8C9594C512}.Debug|x64.Build.0 = Debug|Any CPU
		{5844D026-1C92-442B-B7B1-CC8C9594C512}.Debug|x86.ActiveCfg = Debug|Any CPU
		{5844D026-1C92-442B-B7B1-CC8C9594C512}.Debug|x86.Build.0 = Debug|Any CPU
		{5844D026-1C92-442B-B7B1-CC8C9594C512}.Release|Any CPU.ActiveCfg = Release|Any CPU
		{5844D026-1C92-442B-B7B1-CC8C9594C512}.Release|Any CPU.Build.0 = Release|Any CPU
		{5844D026-1C92-442B-B7B1-CC8C9594C512}.Release|x64.ActiveCfg = Release|Any CPU
		{5844D026-1C92-442B-B7B1-CC8C9594C512}.Release|x64.Build.0 = Release|Any CPU
		{5844D026-1C92-442B-B7B1-CC8C9594C512}.Release|x86.ActiveCfg = Release|Any CPU
		{5844D026-1C92-442B-B7B1-CC8C9594C512}.Release|x86.Build.0 = Release|Any CPU
		{6E12AE29-EED8-4CD7-9510-FAE6AE05E0DA}.Debug|Any CPU.ActiveCfg = Debug|Win32
		{6E12AE29-EED8-4CD7-9510-FAE6AE05E0DA}.Debug|x64.ActiveCfg = Debug|x64
		{6E12AE29-EED8-4CD7-9510-FAE6AE05E0DA}.Debug|x64.Build.0 = Debug|x64
		{6E12AE29-EED8-4CD7-9510-FAE6AE05E0DA}.Debug|x86.ActiveCfg = Debug|Win32
		{6E12AE29-EED8-4CD7-9510-FAE6AE05E0DA}.Debug|x86.Build.0 = Debug|Win32
		{6E12AE29-EED8-4CD7-9510-FAE6AE05E0DA}.Release|Any CPU.ActiveCfg = Release|Win32
		{6E12AE29-EED8-4CD7-9510-FAE6AE05E0DA}.Release|x64.ActiveCfg = Release|x64
		{6E12AE29-EED8-4CD7-9510-FAE6AE05E0DA}.Release|x64.Build.0 = Release|x64
		{6E12AE29-EED8-4CD7-9510-FAE6AE05E0DA}.Release|x86.ActiveCfg = Release|Win32
		{6E12AE29-EED8-4CD7-9510-FAE6AE05E0DA}.Release|x86.Build.0 = Release|Win32
	EndGlobalSection
	GlobalSection(SolutionProperties) = preSolution
		HideSolutionNode = FALSE
	EndGlobalSection
	GlobalSection(ExtensibilityGlobals) = postSolution
		SolutionGuid = {81508695-D81B-4AFA-A12A-6C5FC13889B7}
	EndGlobalSection
EndGlobal
