
Microsoft Visual Studio Solution File, Format Version 12.00
# Visual Studio 15
VisualStudioVersion = 15.0.28307.421
MinimumVisualStudioVersion = 10.0.40219.1
Project("{FAE04EC0-301F-11D3-BF4B-00C04F79EFBC}") = "NyanCat_Pointer", "NyanCat_Pointer.csproj", "{5844D026-1C92-442B-B7B1-CC8C9594C512}"
EndProject
Global
	GlobalSection(SolutionConfigurationPlatforms) = preSolution
		Debug|Any CPU = Debug|Any CPU
		Release|Any CPU = Release|Any CPU
	EndGlobalSection
	GlobalSection(ProjectConfigurationPlatforms) = postSolution
		{5844D026-1C92-442B-B7B1-CC8C9594C512}.Debug|Any CPU.ActiveCfg = Debug|Any CPU
		{5844D026-1C92-442B-B7B1-CC8C9594C512}.Debug|Any CPU.Build.0 = Debug|Any CPU
		{5844D026-1C92-442B-B7B1-CC8C9594C512}.Release|Any CPU.ActiveCfg = Release|Any CPU
		{5844D026-1C92-442B-B7B1-CC8C9594C512}.Release|Any CPU.Build.0 = Release|Any CPU
	EndGlobalSection
	GlobalSection(SolutionProperties) = preSolution
		HideSolutionNode = FALSE
	EndGlobalSection
	GlobalSection(ExtensibilityGlobals) = postSolution
		SolutionGuid = {81508695-D81B-4AFA-A12A-6C5FC13889B7}
	EndGlobalSection
EndGlobal
